
Microsoft Visual Studio Solution File, Format Version 12.00
# Visual Studio Version 17
VisualStudioVersion = 17.8.34330.188
MinimumVisualStudioVersion = 10.0.40219.1
Project("{9A19103F-16F7-4668-BE54-9A1E7A4F7556}") = "WebDown", "WebDown\WebDown.csproj", "{3AD95592-F272-4967-8059-AF57A85B9792}"
EndProject
Project("{FAE04EC0-301F-11D3-BF4B-00C04F79EFBC}") = "down", "down\down.csproj", "{D263EC58-A21C-4CCB-B62D-7785042CFA99}"
EndProject
Project("{2150E333-8FDC-42A3-9474-1A3956D46DE8}") = "Solution Items", "Solution Items", "{7499E0BA-5D0E-44A6-8324-BFD73916CE9B}"
	ProjectSection(SolutionItems) = preProject
		.editorconfig = .editorconfig
	EndProjectSection
EndProject
Global
	GlobalSection(SolutionConfigurationPlatforms) = preSolution
		Debug|Any CPU = Debug|Any CPU
		Release|Any CPU = Release|Any CPU
	EndGlobalSection
	GlobalSection(ProjectConfigurationPlatforms) = postSolution
		{3AD95592-F272-4967-8059-AF57A85B9792}.Debug|Any CPU.ActiveCfg = Debug|Any CPU
		{3AD95592-F272-4967-8059-AF57A85B9792}.Debug|Any CPU.Build.0 = Debug|Any CPU
		{3AD95592-F272-4967-8059-AF57A85B9792}.Release|Any CPU.ActiveCfg = Release|Any CPU
		{3AD95592-F272-4967-8059-AF57A85B9792}.Release|Any CPU.Build.0 = Release|Any CPU
		{D263EC58-A21C-4CCB-B62D-7785042CFA99}.Debug|Any CPU.ActiveCfg = Debug|Any CPU
		{D263EC58-A21C-4CCB-B62D-7785042CFA99}.Debug|Any CPU.Build.0 = Debug|Any CPU
		{D263EC58-A21C-4CCB-B62D-7785042CFA99}.Release|Any CPU.ActiveCfg = Release|Any CPU
		{D263EC58-A21C-4CCB-B62D-7785042CFA99}.Release|Any CPU.Build.0 = Release|Any CPU
	EndGlobalSection
	GlobalSection(SolutionProperties) = preSolution
		HideSolutionNode = FALSE
	EndGlobalSection
	GlobalSection(ExtensibilityGlobals) = postSolution
		SolutionGuid = {B3CB329E-F943-4AC9-A27A-A7B6C1237E52}
	EndGlobalSection
EndGlobal
